{
    "name": "volar-bug",
    "version": "1.0.0",
    "lockfileVersion": 2,
    "requires": true,
    "packages": {
        "": {
            "name": "volar-bug",
            "version": "1.0.0",
            "dependencies": {
                "typescript": "^5.0.4",
                "vue": "3.3.0-beta.3"
            }
        },
        "node_modules/@babel/parser": {
            "version": "7.21.5",
            "resolved": "https://registry.npmjs.org/@babel/parser/-/parser-7.21.5.tgz",
            "integrity": "sha512-J+IxH2IsxV4HbnTrSWgMAQj0UEo61hDA4Ny8h8PCX0MLXiibqHbqIOVneqdocemSBc22VpBKxt4J6FQzy9HarQ==",
            "bin": {
                "parser": "bin/babel-parser.js"
            },
            "engines": {
                "node": ">=6.0.0"
            }
        },
        "node_modules/@jridgewell/sourcemap-codec": {
            "version": "1.4.15",
            "resolved": "https://registry.npmjs.org/@jridgewell/sourcemap-codec/-/sourcemap-codec-1.4.15.tgz",
            "integrity": "sha512-eF2rxCRulEKXHTRiDrDy6erMYWqNw4LPdQ8UQA4huuxaQsVeRPFl2oM8oDGxMFhJUWZf9McpLtJasDDZb/Bpeg=="
        },
        "node_modules/@vue/compiler-core": {
            "version": "3.3.0-beta.3",
            "resolved": "https://registry.npmjs.org/@vue/compiler-core/-/compiler-core-3.3.0-beta.3.tgz",
            "integrity": "sha512-mv2rPo4JHou6ebm7+U/wO1HpA6W1zDfTqbt4fqjoXrMwU4DWNgRcLKTXG6G3cXV4mOe+2YgWspfxEzo7fPTMKg==",
            "dependencies": {
                "@babel/parser": "^7.21.3",
                "@vue/shared": "3.3.0-beta.3",
                "estree-walker": "^2.0.2",
                "source-map-js": "^1.0.2"
            }
        },
        "node_modules/@vue/compiler-dom": {
            "version": "3.3.0-beta.3",
            "resolved": "https://registry.npmjs.org/@vue/compiler-dom/-/compiler-dom-3.3.0-beta.3.tgz",
            "integrity": "sha512-e7VpjN9wYiuJdJos6Uoe501CzdMkfaEr/27Ks4Ss7Irtcj5YA/S1OROZ35Xl2Pc3ctx6beq5RpcOvnMqh0hcaA==",
            "dependencies": {
                "@vue/compiler-core": "3.3.0-beta.3",
                "@vue/shared": "3.3.0-beta.3"
            }
        },
        "node_modules/@vue/compiler-sfc": {
            "version": "3.3.0-beta.3",
            "resolved": "https://registry.npmjs.org/@vue/compiler-sfc/-/compiler-sfc-3.3.0-beta.3.tgz",
            "integrity": "sha512-6shZNooetShjSMHJvgVoE0EM8pOMV5vnrzsHoCU06stzV+kqRJQpbN7xf2s9wK2fgHMIBSMINrM9AuZiQnNCJg==",
            "dependencies": {
                "@babel/parser": "^7.20.15",
                "@vue/compiler-core": "3.3.0-beta.3",
                "@vue/compiler-dom": "3.3.0-beta.3",
                "@vue/compiler-ssr": "3.3.0-beta.3",
                "@vue/reactivity-transform": "3.3.0-beta.3",
                "@vue/shared": "3.3.0-beta.3",
                "estree-walker": "^2.0.2",
                "magic-string": "^0.30.0",
                "postcss": "^8.1.10",
                "source-map-js": "^1.0.2"
            }
        },
        "node_modules/@vue/compiler-ssr": {
            "version": "3.3.0-beta.3",
            "resolved": "https://registry.npmjs.org/@vue/compiler-ssr/-/compiler-ssr-3.3.0-beta.3.tgz",
            "integrity": "sha512-egJ0lEVAod3Hpnw96cJ/0a9qv5f5h5/VCBpKYT8scqkzoMsikh8AJant2omokBCL/Ut5UAMLVQlA5b66+2Ys/g==",
            "dependencies": {
                "@vue/compiler-dom": "3.3.0-beta.3",
                "@vue/shared": "3.3.0-beta.3"
            }
        },
        "node_modules/@vue/reactivity": {
            "version": "3.3.0-beta.3",
            "resolved": "https://registry.npmjs.org/@vue/reactivity/-/reactivity-3.3.0-beta.3.tgz",
            "integrity": "sha512-9VjWfWgZJ18YXEkfnDfZr33RyLBa6zc0RARLkMqMApWvM26eusZAZ4hhyxlgODBU/mEFk4XOGIAtwwSQedA0MQ==",
            "dependencies": {
                "@vue/shared": "3.3.0-beta.3"
            }
        },
        "node_modules/@vue/reactivity-transform": {
            "version": "3.3.0-beta.3",
            "resolved": "https://registry.npmjs.org/@vue/reactivity-transform/-/reactivity-transform-3.3.0-beta.3.tgz",
            "integrity": "sha512-aM3TgBca9QMMu/9B9ASRVvckeZpAdJO9nmQh5UCznhoDYjVxQPS+sCQvH6TLOjPB1MDQMVQYg4ZiPqfVVo7NbA==",
            "dependencies": {
                "@babel/parser": "^7.20.15",
                "@vue/compiler-core": "3.3.0-beta.3",
                "@vue/shared": "3.3.0-beta.3",
                "estree-walker": "^2.0.2",
                "magic-string": "^0.30.0"
            }
        },
        "node_modules/@vue/runtime-core": {
            "version": "3.3.0-beta.3",
            "resolved": "https://registry.npmjs.org/@vue/runtime-core/-/runtime-core-3.3.0-beta.3.tgz",
            "integrity": "sha512-Z2w+NUUvPo2Qlbgl6OjGOeSCwaeBOhuXoaeyRJQAcP5lvG3cC4M5HN6xgmbotKgXo7qXfCSL7q0c81/0z2SeUg==",
            "dependencies": {
                "@vue/reactivity": "3.3.0-beta.3",
                "@vue/shared": "3.3.0-beta.3"
            }
        },
        "node_modules/@vue/runtime-dom": {
            "version": "3.3.0-beta.3",
            "resolved": "https://registry.npmjs.org/@vue/runtime-dom/-/runtime-dom-3.3.0-beta.3.tgz",
            "integrity": "sha512-BZ1Jv7zxvJHIE52q/oFyLa5Ggq2ECKy/46NsLHxkUR+Cn/krJLLkPtgoyRczrHeFJ0rlbRmNPmobxIzECWSP+Q==",
            "dependencies": {
                "@vue/runtime-core": "3.3.0-beta.3",
                "@vue/shared": "3.3.0-beta.3",
                "csstype": "^3.1.1"
            }
        },
        "node_modules/@vue/server-renderer": {
            "version": "3.3.0-beta.3",
            "resolved": "https://registry.npmjs.org/@vue/server-renderer/-/server-renderer-3.3.0-beta.3.tgz",
            "integrity": "sha512-pptpPnfZ+gNWXEpVgGDdNR966BYN0eGvWvqkz+2mcdWoBEnJb4Fb3RLtKaznBks7mx8+rwdlYPt7ynsaDs7wgg==",
            "dependencies": {
                "@vue/compiler-ssr": "3.3.0-beta.3",
                "@vue/shared": "3.3.0-beta.3"
            },
            "peerDependencies": {
                "vue": "3.3.0-beta.3"
            }
        },
        "node_modules/@vue/shared": {
            "version": "3.3.0-beta.3",
            "resolved": "https://registry.npmjs.org/@vue/shared/-/shared-3.3.0-beta.3.tgz",
            "integrity": "sha512-st1SnB/Bkbb9TsieeI4TRX9TqHYIR5wvIma3ZtEben55EYSWa1q5u2BhTNgABSdH+rv3Xwfrvpwh5PmCw6Y53g=="
        },
        "node_modules/csstype": {
            "version": "3.1.2",
            "resolved": "https://registry.npmjs.org/csstype/-/csstype-3.1.2.tgz",
            "integrity": "sha512-I7K1Uu0MBPzaFKg4nI5Q7Vs2t+3gWWW648spaF+Rg7pI9ds18Ugn+lvg4SHczUdKlHI5LWBXyqfS8+DufyBsgQ=="
        },
        "node_modules/estree-walker": {
            "version": "2.0.2",
            "resolved": "https://registry.npmjs.org/estree-walker/-/estree-walker-2.0.2.tgz",
            "integrity": "sha512-Rfkk/Mp/DL7JVje3u18FxFujQlTNR2q6QfMSMB7AvCBx91NGj/ba3kCfza0f6dVDbw7YlRf/nDrn7pQrCCyQ/w=="
        },
        "node_modules/magic-string": {
            "version": "0.30.0",
            "resolved": "https://registry.npmjs.org/magic-string/-/magic-string-0.30.0.tgz",
            "integrity": "sha512-LA+31JYDJLs82r2ScLrlz1GjSgu66ZV518eyWT+S8VhyQn/JL0u9MeBOvQMGYiPk1DBiSN9DDMOcXvigJZaViQ==",
            "dependencies": {
                "@jridgewell/sourcemap-codec": "^1.4.13"
            },
            "engines": {
                "node": ">=12"
            }
        },
        "node_modules/nanoid": {
            "version": "3.3.6",
            "resolved": "https://registry.npmjs.org/nanoid/-/nanoid-3.3.6.tgz",
            "integrity": "sha512-BGcqMMJuToF7i1rt+2PWSNVnWIkGCU78jBG3RxO/bZlnZPK2Cmi2QaffxGO/2RvWi9sL+FAiRiXMgsyxQ1DIDA==",
            "funding": [
                {
                    "type": "github",
                    "url": "https://github.com/sponsors/ai"
                }
            ],
            "bin": {
                "nanoid": "bin/nanoid.cjs"
            },
            "engines": {
                "node": "^10 || ^12 || ^13.7 || ^14 || >=15.0.1"
            }
        },
        "node_modules/picocolors": {
            "version": "1.0.0",
            "resolved": "https://registry.npmjs.org/picocolors/-/picocolors-1.0.0.tgz",
            "integrity": "sha512-1fygroTLlHu66zi26VoTDv8yRgm0Fccecssto+MhsZ0D/DGW2sm8E8AjW7NU5VVTRt5GxbeZ5qBuJr+HyLYkjQ=="
        },
        "node_modules/postcss": {
            "version": "8.4.23",
            "resolved": "https://registry.npmjs.org/postcss/-/postcss-8.4.23.tgz",
            "integrity": "sha512-bQ3qMcpF6A/YjR55xtoTr0jGOlnPOKAIMdOWiv0EIT6HVPEaJiJB4NLljSbiHoC2RX7DN5Uvjtpbg1NPdwv1oA==",
            "funding": [
                {
                    "type": "opencollective",
                    "url": "https://opencollective.com/postcss/"
                },
                {
                    "type": "tidelift",
                    "url": "https://tidelift.com/funding/github/npm/postcss"
                },
                {
                    "type": "github",
                    "url": "https://github.com/sponsors/ai"
                }
            ],
            "dependencies": {
                "nanoid": "^3.3.6",
                "picocolors": "^1.0.0",
                "source-map-js": "^1.0.2"
            },
            "engines": {
                "node": "^10 || ^12 || >=14"
            }
        },
        "node_modules/source-map-js": {
            "version": "1.0.2",
            "resolved": "https://registry.npmjs.org/source-map-js/-/source-map-js-1.0.2.tgz",
            "integrity": "sha512-R0XvVJ9WusLiqTCEiGCmICCMplcCkIwwR11mOSD9CR5u+IXYdiseeEuXCVAjS54zqwkLcPNnmU4OeJ6tUrWhDw==",
            "engines": {
                "node": ">=0.10.0"
            }
        },
        "node_modules/typescript": {
            "version": "5.0.4",
            "resolved": "https://registry.npmjs.org/typescript/-/typescript-5.0.4.tgz",
            "integrity": "sha512-cW9T5W9xY37cc+jfEnaUvX91foxtHkza3Nw3wkoF4sSlKn0MONdkdEndig/qPBWXNkmplh3NzayQzCiHM4/hqw==",
            "bin": {
                "tsc": "bin/tsc",
                "tsserver": "bin/tsserver"
            },
            "engines": {
                "node": ">=12.20"
            }
        },
        "node_modules/vue": {
            "version": "3.3.0-beta.3",
            "resolved": "https://registry.npmjs.org/vue/-/vue-3.3.0-beta.3.tgz",
            "integrity": "sha512-gqJklFAR5pY8qf/TZqH8n5B1HH2+4jqLKNhGTcVlV1cSkcV1TUbF/J+PL77N4MQ7MDUrZG2eBXiPjpI1b52d+w==",
            "dependencies": {
                "@vue/compiler-dom": "3.3.0-beta.3",
                "@vue/compiler-sfc": "3.3.0-beta.3",
                "@vue/runtime-dom": "3.3.0-beta.3",
                "@vue/server-renderer": "3.3.0-beta.3",
                "@vue/shared": "3.3.0-beta.3"
            }
        }
    },
    "dependencies": {
        "@babel/parser": {
            "version": "7.21.5",
            "resolved": "https://registry.npmjs.org/@babel/parser/-/parser-7.21.5.tgz",
            "integrity": "sha512-J+IxH2IsxV4HbnTrSWgMAQj0UEo61hDA4Ny8h8PCX0MLXiibqHbqIOVneqdocemSBc22VpBKxt4J6FQzy9HarQ=="
        },
        "@jridgewell/sourcemap-codec": {
            "version": "1.4.15",
            "resolved": "https://registry.npmjs.org/@jridgewell/sourcemap-codec/-/sourcemap-codec-1.4.15.tgz",
            "integrity": "sha512-eF2rxCRulEKXHTRiDrDy6erMYWqNw4LPdQ8UQA4huuxaQsVeRPFl2oM8oDGxMFhJUWZf9McpLtJasDDZb/Bpeg=="
        },
        "@vue/compiler-core": {
            "version": "3.3.0-beta.3",
            "resolved": "https://registry.npmjs.org/@vue/compiler-core/-/compiler-core-3.3.0-beta.3.tgz",
            "integrity": "sha512-mv2rPo4JHou6ebm7+U/wO1HpA6W1zDfTqbt4fqjoXrMwU4DWNgRcLKTXG6G3cXV4mOe+2YgWspfxEzo7fPTMKg==",
            "requires": {
                "@babel/parser": "^7.21.3",
                "@vue/shared": "3.3.0-beta.3",
                "estree-walker": "^2.0.2",
                "source-map-js": "^1.0.2"
            }
        },
        "@vue/compiler-dom": {
            "version": "3.3.0-beta.3",
            "resolved": "https://registry.npmjs.org/@vue/compiler-dom/-/compiler-dom-3.3.0-beta.3.tgz",
            "integrity": "sha512-e7VpjN9wYiuJdJos6Uoe501CzdMkfaEr/27Ks4Ss7Irtcj5YA/S1OROZ35Xl2Pc3ctx6beq5RpcOvnMqh0hcaA==",
            "requires": {
                "@vue/compiler-core": "3.3.0-beta.3",
                "@vue/shared": "3.3.0-beta.3"
            }
        },
        "@vue/compiler-sfc": {
            "version": "3.3.0-beta.3",
            "resolved": "https://registry.npmjs.org/@vue/compiler-sfc/-/compiler-sfc-3.3.0-beta.3.tgz",
            "integrity": "sha512-6shZNooetShjSMHJvgVoE0EM8pOMV5vnrzsHoCU06stzV+kqRJQpbN7xf2s9wK2fgHMIBSMINrM9AuZiQnNCJg==",
            "requires": {
                "@babel/parser": "^7.20.15",
                "@vue/compiler-core": "3.3.0-beta.3",
                "@vue/compiler-dom": "3.3.0-beta.3",
                "@vue/compiler-ssr": "3.3.0-beta.3",
                "@vue/reactivity-transform": "3.3.0-beta.3",
                "@vue/shared": "3.3.0-beta.3",
                "estree-walker": "^2.0.2",
                "magic-string": "^0.30.0",
                "postcss": "^8.1.10",
                "source-map-js": "^1.0.2"
            }
        },
        "@vue/compiler-ssr": {
            "version": "3.3.0-beta.3",
            "resolved": "https://registry.npmjs.org/@vue/compiler-ssr/-/compiler-ssr-3.3.0-beta.3.tgz",
            "integrity": "sha512-egJ0lEVAod3Hpnw96cJ/0a9qv5f5h5/VCBpKYT8scqkzoMsikh8AJant2omokBCL/Ut5UAMLVQlA5b66+2Ys/g==",
            "requires": {
                "@vue/compiler-dom": "3.3.0-beta.3",
                "@vue/shared": "3.3.0-beta.3"
            }
        },
        "@vue/reactivity": {
            "version": "3.3.0-beta.3",
            "resolved": "https://registry.npmjs.org/@vue/reactivity/-/reactivity-3.3.0-beta.3.tgz",
            "integrity": "sha512-9VjWfWgZJ18YXEkfnDfZr33RyLBa6zc0RARLkMqMApWvM26eusZAZ4hhyxlgODBU/mEFk4XOGIAtwwSQedA0MQ==",
            "requires": {
                "@vue/shared": "3.3.0-beta.3"
            }
        },
        "@vue/reactivity-transform": {
            "version": "3.3.0-beta.3",
            "resolved": "https://registry.npmjs.org/@vue/reactivity-transform/-/reactivity-transform-3.3.0-beta.3.tgz",
            "integrity": "sha512-aM3TgBca9QMMu/9B9ASRVvckeZpAdJO9nmQh5UCznhoDYjVxQPS+sCQvH6TLOjPB1MDQMVQYg4ZiPqfVVo7NbA==",
            "requires": {
                "@babel/parser": "^7.20.15",
                "@vue/compiler-core": "3.3.0-beta.3",
                "@vue/shared": "3.3.0-beta.3",
                "estree-walker": "^2.0.2",
                "magic-string": "^0.30.0"
            }
        },
        "@vue/runtime-core": {
            "version": "3.3.0-beta.3",
            "resolved": "https://registry.npmjs.org/@vue/runtime-core/-/runtime-core-3.3.0-beta.3.tgz",
            "integrity": "sha512-Z2w+NUUvPo2Qlbgl6OjGOeSCwaeBOhuXoaeyRJQAcP5lvG3cC4M5HN6xgmbotKgXo7qXfCSL7q0c81/0z2SeUg==",
            "requires": {
                "@vue/reactivity": "3.3.0-beta.3",
                "@vue/shared": "3.3.0-beta.3"
            }
        },
        "@vue/runtime-dom": {
            "version": "3.3.0-beta.3",
            "resolved": "https://registry.npmjs.org/@vue/runtime-dom/-/runtime-dom-3.3.0-beta.3.tgz",
            "integrity": "sha512-BZ1Jv7zxvJHIE52q/oFyLa5Ggq2ECKy/46NsLHxkUR+Cn/krJLLkPtgoyRczrHeFJ0rlbRmNPmobxIzECWSP+Q==",
            "requires": {
                "@vue/runtime-core": "3.3.0-beta.3",
                "@vue/shared": "3.3.0-beta.3",
                "csstype": "^3.1.1"
            }
        },
        "@vue/server-renderer": {
            "version": "3.3.0-beta.3",
            "resolved": "https://registry.npmjs.org/@vue/server-renderer/-/server-renderer-3.3.0-beta.3.tgz",
            "integrity": "sha512-pptpPnfZ+gNWXEpVgGDdNR966BYN0eGvWvqkz+2mcdWoBEnJb4Fb3RLtKaznBks7mx8+rwdlYPt7ynsaDs7wgg==",
            "requires": {
                "@vue/compiler-ssr": "3.3.0-beta.3",
                "@vue/shared": "3.3.0-beta.3"
            }
        },
        "@vue/shared": {
            "version": "3.3.0-beta.3",
            "resolved": "https://registry.npmjs.org/@vue/shared/-/shared-3.3.0-beta.3.tgz",
            "integrity": "sha512-st1SnB/Bkbb9TsieeI4TRX9TqHYIR5wvIma3ZtEben55EYSWa1q5u2BhTNgABSdH+rv3Xwfrvpwh5PmCw6Y53g=="
        },
        "csstype": {
            "version": "3.1.2",
            "resolved": "https://registry.npmjs.org/csstype/-/csstype-3.1.2.tgz",
            "integrity": "sha512-I7K1Uu0MBPzaFKg4nI5Q7Vs2t+3gWWW648spaF+Rg7pI9ds18Ugn+lvg4SHczUdKlHI5LWBXyqfS8+DufyBsgQ=="
        },
        "estree-walker": {
            "version": "2.0.2",
            "resolved": "https://registry.npmjs.org/estree-walker/-/estree-walker-2.0.2.tgz",
            "integrity": "sha512-Rfkk/Mp/DL7JVje3u18FxFujQlTNR2q6QfMSMB7AvCBx91NGj/ba3kCfza0f6dVDbw7YlRf/nDrn7pQrCCyQ/w=="
        },
        "magic-string": {
            "version": "0.30.0",
            "resolved": "https://registry.npmjs.org/magic-string/-/magic-string-0.30.0.tgz",
            "integrity": "sha512-LA+31JYDJLs82r2ScLrlz1GjSgu66ZV518eyWT+S8VhyQn/JL0u9MeBOvQMGYiPk1DBiSN9DDMOcXvigJZaViQ==",
            "requires": {
                "@jridgewell/sourcemap-codec": "^1.4.13"
            }
        },
        "nanoid": {
            "version": "3.3.6",
            "resolved": "https://registry.npmjs.org/nanoid/-/nanoid-3.3.6.tgz",
            "integrity": "sha512-BGcqMMJuToF7i1rt+2PWSNVnWIkGCU78jBG3RxO/bZlnZPK2Cmi2QaffxGO/2RvWi9sL+FAiRiXMgsyxQ1DIDA=="
        },
        "picocolors": {
            "version": "1.0.0",
            "resolved": "https://registry.npmjs.org/picocolors/-/picocolors-1.0.0.tgz",
            "integrity": "sha512-1fygroTLlHu66zi26VoTDv8yRgm0Fccecssto+MhsZ0D/DGW2sm8E8AjW7NU5VVTRt5GxbeZ5qBuJr+HyLYkjQ=="
        },
        "postcss": {
            "version": "8.4.23",
            "resolved": "https://registry.npmjs.org/postcss/-/postcss-8.4.23.tgz",
            "integrity": "sha512-bQ3qMcpF6A/YjR55xtoTr0jGOlnPOKAIMdOWiv0EIT6HVPEaJiJB4NLljSbiHoC2RX7DN5Uvjtpbg1NPdwv1oA==",
            "requires": {
                "nanoid": "^3.3.6",
                "picocolors": "^1.0.0",
                "source-map-js": "^1.0.2"
            }
        },
        "source-map-js": {
            "version": "1.0.2",
            "resolved": "https://registry.npmjs.org/source-map-js/-/source-map-js-1.0.2.tgz",
            "integrity": "sha512-R0XvVJ9WusLiqTCEiGCmICCMplcCkIwwR11mOSD9CR5u+IXYdiseeEuXCVAjS54zqwkLcPNnmU4OeJ6tUrWhDw=="
        },
        "typescript": {
            "version": "5.0.4",
            "resolved": "https://registry.npmjs.org/typescript/-/typescript-5.0.4.tgz",
            "integrity": "sha512-cW9T5W9xY37cc+jfEnaUvX91foxtHkza3Nw3wkoF4sSlKn0MONdkdEndig/qPBWXNkmplh3NzayQzCiHM4/hqw=="
        },
        "vue": {
            "version": "3.3.0-beta.3",
            "resolved": "https://registry.npmjs.org/vue/-/vue-3.3.0-beta.3.tgz",
            "integrity": "sha512-gqJklFAR5pY8qf/TZqH8n5B1HH2+4jqLKNhGTcVlV1cSkcV1TUbF/J+PL77N4MQ7MDUrZG2eBXiPjpI1b52d+w==",
            "requires": {
                "@vue/compiler-dom": "3.3.0-beta.3",
                "@vue/compiler-sfc": "3.3.0-beta.3",
                "@vue/runtime-dom": "3.3.0-beta.3",
                "@vue/server-renderer": "3.3.0-beta.3",
                "@vue/shared": "3.3.0-beta.3"
            }
        }
    }
}
